
Microsoft Visual Studio Solution File, Format Version 12.00
# Visual Studio Version 16
VisualStudioVersion = 16.0.32002.261
MinimumVisualStudioVersion = 10.0.40219.1
Project("{FAE04EC0-301F-11D3-BF4B-00C04F79EFBC}") = "WebApplication1", "WebApplication1.csproj", "{CCB364B6-8FE5-4811-859F-63CD7EC95025}"
EndProject
Global
	GlobalSection(SolutionConfigurationPlatforms) = preSolution
		Debug|Any CPU = Debug|Any CPU
		Release|Any CPU = Release|Any CPU
	EndGlobalSection
	GlobalSection(ProjectConfigurationPlatforms) = postSolution
		{CCB364B6-8FE5-4811-859F-63CD7EC95025}.Debug|Any CPU.ActiveCfg = Debug|Any CPU
		{CCB364B6-8FE5-4811-859F-63CD7EC95025}.Debug|Any CPU.Build.0 = Debug|Any CPU
		{CCB364B6-8FE5-4811-859F-63CD7EC95025}.Release|Any CPU.ActiveCfg = Release|Any CPU
		{CCB364B6-8FE5-4811-859F-63CD7EC95025}.Release|Any CPU.Build.0 = Release|Any CPU
	EndGlobalSection
	GlobalSection(SolutionProperties) = preSolution
		HideSolutionNode = FALSE
	EndGlobalSection
	GlobalSection(ExtensibilityGlobals) = postSolution
		SolutionGuid = {C80C234C-B80C-46D8-93E6-7B96F90A0F4E}
	EndGlobalSection
EndGlobal
